
Microsoft Visual Studio Solution File, Format Version 12.00
# Visual Studio Version 17
VisualStudioVersion = 17.0.32126.317
MinimumVisualStudioVersion = 10.0.40219.1
Project("{FAE04EC0-301F-11D3-BF4B-00C04F79EFBC}") = "IGL.UWP", "IGL\IGL.UWP\IGL.UWP.csproj", "{C3C75293-D7B8-4C70-897D-39AEE98AF374}"
EndProject
Project("{FAE04EC0-301F-11D3-BF4B-00C04F79EFBC}") = "IGL.Android", "IGL\IGL.Android\IGL.Android.csproj", "{438FE76C-EFAC-4A3A-9FF8-F27888BF0AA3}"
EndProject
Project("{FAE04EC0-301F-11D3-BF4B-00C04F79EFBC}") = "IGL.iOS", "IGL\IGL.iOS\IGL.iOS.csproj", "{A3844CD1-5503-4C90-96A1-D67FF25898FF}"
EndProject
Project("{FAE04EC0-301F-11D3-BF4B-00C04F79EFBC}") = "IGL", "IGL\IGL\IGL.csproj", "{490C894D-7337-43A3-B80C-5F98C5E9E03D}"
EndProject
Global
	GlobalSection(SolutionConfigurationPlatforms) = preSolution
		Debug|Any CPU = Debug|Any CPU
		Debug|ARM = Debug|ARM
		Debug|iPhone = Debug|iPhone
		Debug|iPhoneSimulator = Debug|iPhoneSimulator
		Debug|x64 = Debug|x64
		Debug|x86 = Debug|x86
		Release|Any CPU = Release|Any CPU
		Release|ARM = Release|ARM
		Release|iPhone = Release|iPhone
		Release|iPhoneSimulator = Release|iPhoneSimulator
		Release|x64 = Release|x64
		Release|x86 = Release|x86
	EndGlobalSection
	GlobalSection(ProjectConfigurationPlatforms) = postSolution
		{C3C75293-D7B8-4C70-897D-39AEE98AF374}.Debug|Any CPU.ActiveCfg = Debug|x64
		{C3C75293-D7B8-4C70-897D-39AEE98AF374}.Debug|Any CPU.Build.0 = Debug|x64
		{C3C75293-D7B8-4C70-897D-39AEE98AF374}.Debug|Any CPU.Deploy.0 = Debug|x64
		{C3C75293-D7B8-4C70-897D-39AEE98AF374}.Debug|ARM.ActiveCfg = Debug|ARM
		{C3C75293-D7B8-4C70-897D-39AEE98AF374}.Debug|ARM.Build.0 = Debug|ARM
		{C3C75293-D7B8-4C70-897D-39AEE98AF374}.Debug|ARM.Deploy.0 = Debug|ARM
		{C3C75293-D7B8-4C70-897D-39AEE98AF374}.Debug|iPhone.ActiveCfg = Debug|x64
		{C3C75293-D7B8-4C70-897D-39AEE98AF374}.Debug|iPhone.Build.0 = Debug|x64
		{C3C75293-D7B8-4C70-897D-39AEE98AF374}.Debug|iPhone.Deploy.0 = Debug|x64
		{C3C75293-D7B8-4C70-897D-39AEE98AF374}.Debug|iPhoneSimulator.ActiveCfg = Debug|x64
		{C3C75293-D7B8-4C70-897D-39AEE98AF374}.Debug|iPhoneSimulator.Build.0 = Debug|x64
		{C3C75293-D7B8-4C70-897D-39AEE98AF374}.Debug|iPhoneSimulator.Deploy.0 = Debug|x64
		{C3C75293-D7B8-4C70-897D-39AEE98AF374}.Debug|x64.ActiveCfg = Debug|x64
		{C3C75293-D7B8-4C70-897D-39AEE98AF374}.Debug|x64.Build.0 = Debug|x64
		{C3C75293-D7B8-4C70-897D-39AEE98AF374}.Debug|x64.Deploy.0 = Debug|x64
		{C3C75293-D7B8-4C70-897D-39AEE98AF374}.Debug|x86.ActiveCfg = Debug|x86
		{C3C75293-D7B8-4C70-897D-39AEE98AF374}.Debug|x86.Build.0 = Debug|x86
		{C3C75293-D7B8-4C70-897D-39AEE98AF374}.Debug|x86.Deploy.0 = Debug|x86
		{C3C75293-D7B8-4C70-897D-39AEE98AF374}.Release|Any CPU.ActiveCfg = Release|x64
		{C3C75293-D7B8-4C70-897D-39AEE98AF374}.Release|Any CPU.Build.0 = Release|x64
		{C3C75293-D7B8-4C70-897D-39AEE98AF374}.Release|Any CPU.Deploy.0 = Release|x64
		{C3C75293-D7B8-4C70-897D-39AEE98AF374}.Release|ARM.ActiveCfg = Release|ARM
		{C3C75293-D7B8-4C70-897D-39AEE98AF374}.Release|ARM.Build.0 = Release|ARM
		{C3C75293-D7B8-4C70-897D-39AEE98AF374}.Release|ARM.Deploy.0 = Release|ARM
		{C3C75293-D7B8-4C70-897D-39AEE98AF374}.Release|iPhone.ActiveCfg = Release|x64
		{C3C75293-D7B8-4C70-897D-39AEE98AF374}.Release|iPhone.Build.0 = Release|x64
		{C3C75293-D7B8-4C70-897D-39AEE98AF374}.Release|iPhone.Deploy.0 = Release|x64
		{C3C75293-D7B8-4C70-897D-39AEE98AF374}.Release|iPhoneSimulator.ActiveCfg = Release|x64
		{C3C75293-D7B8-4C70-897D-39AEE98AF374}.Release|iPhoneSimulator.Build.0 = Release|x64
		{C3C75293-D7B8-4C70-897D-39AEE98AF374}.Release|iPhoneSimulator.Deploy.0 = Release|x64
		{C3C75293-D7B8-4C70-897D-39AEE98AF374}.Release|x64.ActiveCfg = Release|x64
		{C3C75293-D7B8-4C70-897D-39AEE98AF374}.Release|x64.Build.0 = Release|x64
		{C3C75293-D7B8-4C70-897D-39AEE98AF374}.Release|x64.Deploy.0 = Release|x64
		{C3C75293-D7B8-4C70-897D-39AEE98AF374}.Release|x86.ActiveCfg = Release|x86
		{C3C75293-D7B8-4C70-897D-39AEE98AF374}.Release|x86.Build.0 = Release|x86
		{C3C75293-D7B8-4C70-897D-39AEE98AF374}.Release|x86.Deploy.0 = Release|x86
		{438FE76C-EFAC-4A3A-9FF8-F27888BF0AA3}.Debug|Any CPU.ActiveCfg = Debug|Any CPU
		{438FE76C-EFAC-4A3A-9FF8-F27888BF0AA3}.Debug|Any CPU.Build.0 = Debug|Any CPU
		{438FE76C-EFAC-4A3A-9FF8-F27888BF0AA3}.Debug|Any CPU.Deploy.0 = Debug|Any CPU
		{438FE76C-EFAC-4A3A-9FF8-F27888BF0AA3}.Debug|ARM.ActiveCfg = Debug|Any CPU
		{438FE76C-EFAC-4A3A-9FF8-F27888BF0AA3}.Debug|ARM.Build.0 = Debug|Any CPU
		{438FE76C-EFAC-4A3A-9FF8-F27888BF0AA3}.Debug|ARM.Deploy.0 = Debug|Any CPU
		{438FE76C-EFAC-4A3A-9FF8-F27888BF0AA3}.Debug|iPhone.ActiveCfg = Debug|Any CPU
		{438FE76C-EFAC-4A3A-9FF8-F27888BF0AA3}.Debug|iPhone.Build.0 = Debug|Any CPU
		{438FE76C-EFAC-4A3A-9FF8-F27888BF0AA3}.Debug|iPhone.Deploy.0 = Debug|Any CPU
		{438FE76C-EFAC-4A3A-9FF8-F27888BF0AA3}.Debug|iPhoneSimulator.ActiveCfg = Debug|Any CPU
		{438FE76C-EFAC-4A3A-9FF8-F27888BF0AA3}.Debug|iPhoneSimulator.Build.0 = Debug|Any CPU
		{438FE76C-EFAC-4A3A-9FF8-F27888BF0AA3}.Debug|iPhoneSimulator.Deploy.0 = Debug|Any CPU
		{438FE76C-EFAC-4A3A-9FF8-F27888BF0AA3}.Debug|x64.ActiveCfg = Debug|Any CPU
		{438FE76C-EFAC-4A3A-9FF8-F27888BF0AA3}.Debug|x64.Build.0 = Debug|Any CPU
		{438FE76C-EFAC-4A3A-9FF8-F27888BF0AA3}.Debug|x64.Deploy.0 = Debug|Any CPU
		{438FE76C-EFAC-4A3A-9FF8-F27888BF0AA3}.Debug|x86.ActiveCfg = Debug|Any CPU
		{438FE76C-EFAC-4A3A-9FF8-F27888BF0AA3}.Debug|x86.Build.0 = Debug|Any CPU
		{438FE76C-EFAC-4A3A-9FF8-F27888BF0AA3}.Debug|x86.Deploy.0 = Debug|Any CPU
		{438FE76C-EFAC-4A3A-9FF8-F27888BF0AA3}.Release|Any CPU.ActiveCfg = Release|Any CPU
		{438FE76C-EFAC-4A3A-9FF8-F27888BF0AA3}.Release|Any CPU.Build.0 = Release|Any CPU
		{438FE76C-EFAC-4A3A-9FF8-F27888BF0AA3}.Release|Any CPU.Deploy.0 = Release|Any CPU
		{438FE76C-EFAC-4A3A-9FF8-F27888BF0AA3}.Release|ARM.ActiveCfg = Release|Any CPU
		{438FE76C-EFAC-4A3A-9FF8-F27888BF0AA3}.Release|ARM.Build.0 = Release|Any CPU
		{438FE76C-EFAC-4A3A-9FF8-F27888BF0AA3}.Release|ARM.Deploy.0 = Release|Any CPU
		{438FE76C-EFAC-4A3A-9FF8-F27888BF0AA3}.Release|iPhone.ActiveCfg = Release|Any CPU
		{438FE76C-EFAC-4A3A-9FF8-F27888BF0AA3}.Release|iPhone.Build.0 = Release|Any CPU
		{438FE76C-EFAC-4A3A-9FF8-F27888BF0AA3}.Release|iPhone.Deploy.0 = Release|Any CPU
		{438FE76C-EFAC-4A3A-9FF8-F27888BF0AA3}.Release|iPhoneSimulator.ActiveCfg = Release|Any CPU
		{438FE76C-EFAC-4A3A-9FF8-F27888BF0AA3}.Release|iPhoneSimulator.Build.0 = Release|Any CPU
		{438FE76C-EFAC-4A3A-9FF8-F27888BF0AA3}.Release|iPhoneSimulator.Deploy.0 = Release|Any CPU
		{438FE76C-EFAC-4A3A-9FF8-F27888BF0AA3}.Release|x64.ActiveCfg = Release|Any CPU
		{438FE76C-EFAC-4A3A-9FF8-F27888BF0AA3}.Release|x64.Build.0 = Release|Any CPU
		{438FE76C-EFAC-4A3A-9FF8-F27888BF0AA3}.Release|x64.Deploy.0 = Release|Any CPU
		{438FE76C-EFAC-4A3A-9FF8-F27888BF0AA3}.Release|x86.ActiveCfg = Release|Any CPU
		{438FE76C-EFAC-4A3A-9FF8-F27888BF0AA3}.Release|x86.Build.0 = Release|Any CPU
		{438FE76C-EFAC-4A3A-9FF8-F27888BF0AA3}.Release|x86.Deploy.0 = Release|Any CPU
		{A3844CD1-5503-4C90-96A1-D67FF25898FF}.Debug|Any CPU.ActiveCfg = Debug|iPhoneSimulator
		{A3844CD1-5503-4C90-96A1-D67FF25898FF}.Debug|Any CPU.Build.0 = Debug|iPhoneSimulator
		{A3844CD1-5503-4C90-96A1-D67FF25898FF}.Debug|Any CPU.Deploy.0 = Debug|iPhoneSimulator
		{A3844CD1-5503-4C90-96A1-D67FF25898FF}.Debug|ARM.ActiveCfg = Debug|iPhoneSimulator
		{A3844CD1-5503-4C90-96A1-D67FF25898FF}.Debug|ARM.Build.0 = Debug|iPhoneSimulator
		{A3844CD1-5503-4C90-96A1-D67FF25898FF}.Debug|ARM.Deploy.0 = Debug|iPhoneSimulator
		{A3844CD1-5503-4C90-96A1-D67FF25898FF}.Debug|iPhone.ActiveCfg = Debug|iPhone
		{A3844CD1-5503-4C90-96A1-D67FF25898FF}.Debug|iPhone.Build.0 = Debug|iPhone
		{A3844CD1-5503-4C90-96A1-D67FF25898FF}.Debug|iPhone.Deploy.0 = Debug|iPhone
		{A3844CD1-5503-4C90-96A1-D67FF25898FF}.Debug|iPhoneSimulator.ActiveCfg = Debug|iPhoneSimulator
		{A3844CD1-5503-4C90-96A1-D67FF25898FF}.Debug|iPhoneSimulator.Build.0 = Debug|iPhoneSimulator
		{A3844CD1-5503-4C90-96A1-D67FF25898FF}.Debug|iPhoneSimulator.Deploy.0 = Debug|iPhoneSimulator
		{A3844CD1-5503-4C90-96A1-D67FF25898FF}.Debug|x64.ActiveCfg = Debug|iPhone
		{A3844CD1-5503-4C90-96A1-D67FF25898FF}.Debug|x64.Build.0 = Debug|iPhone
		{A3844CD1-5503-4C90-96A1-D67FF25898FF}.Debug|x64.Deploy.0 = Debug|iPhone
		{A3844CD1-5503-4C90-96A1-D67FF25898FF}.Debug|x86.ActiveCfg = Debug|iPhoneSimulator
		{A3844CD1-5503-4C90-96A1-D67FF25898FF}.Debug|x86.Build.0 = Debug|iPhoneSimulator
		{A3844CD1-5503-4C90-96A1-D67FF25898FF}.Debug|x86.Deploy.0 = Debug|iPhoneSimulator
		{A3844CD1-5503-4C90-96A1-D67FF25898FF}.Release|Any CPU.ActiveCfg = Release|iPhoneSimulator
		{A3844CD1-5503-4C90-96A1-D67FF25898FF}.Release|Any CPU.Build.0 = Release|iPhoneSimulator
		{A3844CD1-5503-4C90-96A1-D67FF25898FF}.Release|Any CPU.Deploy.0 = Release|iPhoneSimulator
		{A3844CD1-5503-4C90-96A1-D67FF25898FF}.Release|ARM.ActiveCfg = Release|iPhoneSimulator
		{A3844CD1-5503-4C90-96A1-D67FF25898FF}.Release|ARM.Build.0 = Release|iPhoneSimulator
		{A3844CD1-5503-4C90-96A1-D67FF25898FF}.Release|ARM.Deploy.0 = Release|iPhoneSimulator
		{A3844CD1-5503-4C90-96A1-D67FF25898FF}.Release|iPhone.ActiveCfg = Release|iPhone
		{A3844CD1-5503-4C90-96A1-D67FF25898FF}.Release|iPhone.Build.0 = Release|iPhone
		{A3844CD1-5503-4C90-96A1-D67FF25898FF}.Release|iPhone.Deploy.0 = Release|iPhone
		{A3844CD1-5503-4C90-96A1-D67FF25898FF}.Release|iPhoneSimulator.ActiveCfg = Release|iPhoneSimulator
		{A3844CD1-5503-4C90-96A1-D67FF25898FF}.Release|iPhoneSimulator.Build.0 = Release|iPhoneSimulator
		{A3844CD1-5503-4C90-96A1-D67FF25898FF}.Release|iPhoneSimulator.Deploy.0 = Release|iPhoneSimulator
		{A3844CD1-5503-4C90-96A1-D67FF25898FF}.Release|x64.ActiveCfg = Release|iPhoneSimulator
		{A3844CD1-5503-4C90-96A1-D67FF25898FF}.Release|x64.Build.0 = Release|iPhoneSimulator
		{A3844CD1-5503-4C90-96A1-D67FF25898FF}.Release|x64.Deploy.0 = Release|iPhoneSimulator
		{A3844CD1-5503-4C90-96A1-D67FF25898FF}.Release|x86.ActiveCfg = Release|iPhoneSimulator
		{A3844CD1-5503-4C90-96A1-D67FF25898FF}.Release|x86.Build.0 = Release|iPhoneSimulator
		{A3844CD1-5503-4C90-96A1-D67FF25898FF}.Release|x86.Deploy.0 = Release|iPhoneSimulator
		{490C894D-7337-43A3-B80C-5F98C5E9E03D}.Debug|Any CPU.ActiveCfg = Debug|Any CPU
		{490C894D-7337-43A3-B80C-5F98C5E9E03D}.Debug|Any CPU.Build.0 = Debug|Any CPU
		{490C894D-7337-43A3-B80C-5F98C5E9E03D}.Debug|Any CPU.Deploy.0 = Debug|Any CPU
		{490C894D-7337-43A3-B80C-5F98C5E9E03D}.Debug|ARM.ActiveCfg = Debug|Any CPU
		{490C894D-7337-43A3-B80C-5F98C5E9E03D}.Debug|ARM.Build.0 = Debug|Any CPU
		{490C894D-7337-43A3-B80C-5F98C5E9E03D}.Debug|ARM.Deploy.0 = Debug|Any CPU
		{490C894D-7337-43A3-B80C-5F98C5E9E03D}.Debug|iPhone.ActiveCfg = Debug|Any CPU
		{490C894D-7337-43A3-B80C-5F98C5E9E03D}.Debug|iPhone.Build.0 = Debug|Any CPU
		{490C894D-7337-43A3-B80C-5F98C5E9E03D}.Debug|iPhone.Deploy.0 = Debug|Any CPU
		{490C894D-7337-43A3-B80C-5F98C5E9E03D}.Debug|iPhoneSimulator.ActiveCfg = Debug|Any CPU
		{490C894D-7337-43A3-B80C-5F98C5E9E03D}.Debug|iPhoneSimulator.Build.0 = Debug|Any CPU
		{490C894D-7337-43A3-B80C-5F98C5E9E03D}.Debug|iPhoneSimulator.Deploy.0 = Debug|Any CPU
		{490C894D-7337-43A3-B80C-5F98C5E9E03D}.Debug|x64.ActiveCfg = Debug|Any CPU
		{490C894D-7337-43A3-B80C-5F98C5E9E03D}.Debug|x64.Build.0 = Debug|Any CPU
		{490C894D-7337-43A3-B80C-5F98C5E9E03D}.Debug|x64.Deploy.0 = Debug|Any CPU
		{490C894D-7337-43A3-B80C-5F98C5E9E03D}.Debug|x86.ActiveCfg = Debug|Any CPU
		{490C894D-7337-43A3-B80C-5F98C5E9E03D}.Debug|x86.Build.0 = Debug|Any CPU
		{490C894D-7337-43A3-B80C-5F98C5E9E03D}.Debug|x86.Deploy.0 = Debug|Any CPU
		{490C894D-7337-43A3-B80C-5F98C5E9E03D}.Release|Any CPU.ActiveCfg = Release|Any CPU
		{490C894D-7337-43A3-B80C-5F98C5E9E03D}.Release|Any CPU.Build.0 = Release|Any CPU
		{490C894D-7337-43A3-B80C-5F98C5E9E03D}.Release|Any CPU.Deploy.0 = Release|Any CPU
		{490C894D-7337-43A3-B80C-5F98C5E9E03D}.Release|ARM.ActiveCfg = Release|Any CPU
		{490C894D-7337-43A3-B80C-5F98C5E9E03D}.Release|ARM.Build.0 = Release|Any CPU
		{490C894D-7337-43A3-B80C-5F98C5E9E03D}.Release|ARM.Deploy.0 = Release|Any CPU
		{490C894D-7337-43A3-B80C-5F98C5E9E03D}.Release|iPhone.ActiveCfg = Release|Any CPU
		{490C894D-7337-43A3-B80C-5F98C5E9E03D}.Release|iPhone.Build.0 = Release|Any CPU
		{490C894D-7337-43A3-B80C-5F98C5E9E03D}.Release|iPhone.Deploy.0 = Release|Any CPU
		{490C894D-7337-43A3-B80C-5F98C5E9E03D}.Release|iPhoneSimulator.ActiveCfg = Release|Any CPU
		{490C894D-7337-43A3-B80C-5F98C5E9E03D}.Release|iPhoneSimulator.Build.0 = Release|Any CPU
		{490C894D-7337-43A3-B80C-5F98C5E9E03D}.Release|iPhoneSimulator.Deploy.0 = Release|Any CPU
		{490C894D-7337-43A3-B80C-5F98C5E9E03D}.Release|x64.ActiveCfg = Release|Any CPU
		{490C894D-7337-43A3-B80C-5F98C5E9E03D}.Release|x64.Build.0 = Release|Any CPU
		{490C894D-7337-43A3-B80C-5F98C5E9E03D}.Release|x64.Deploy.0 = Release|Any CPU
		{490C894D-7337-43A3-B80C-5F98C5E9E03D}.Release|x86.ActiveCfg = Release|Any CPU
		{490C894D-7337-43A3-B80C-5F98C5E9E03D}.Release|x86.Build.0 = Release|Any CPU
		{490C894D-7337-43A3-B80C-5F98C5E9E03D}.Release|x86.Deploy.0 = Release|Any CPU
	EndGlobalSection
	GlobalSection(SolutionProperties) = preSolution
		HideSolutionNode = FALSE
	EndGlobalSection
	GlobalSection(ExtensibilityGlobals) = postSolution
		SolutionGuid = {CC305103-A77A-4DA3-8769-4349240C5C64}
	EndGlobalSection
EndGlobal
